
Microsoft Visual Studio Solution File, Format Version 12.00
# Visual Studio Version 17
VisualStudioVersion = 17.4.33205.214
MinimumVisualStudioVersion = 10.0.40219.1
Project("{9A19103F-16F7-4668-BE54-9A1E7A4F7556}") = "Condottiere.Core", "src\Condottiere.Core\Condottiere.Core.csproj", "{CE463F5E-72B4-4B99-92DC-656570D2B8FB}"
EndProject
Project("{9A19103F-16F7-4668-BE54-9A1E7A4F7556}") = "Condottiere.Test", "test\Condottiere.Test\Condottiere.Test.csproj", "{018987CA-F1B9-4E60-BDFD-238A953B9932}"
EndProject
Project("{2150E333-8FDC-42A3-9474-1A3956D46DE8}") = "Elementos de la solución", "Elementos de la solución", "{6E9D07FF-4279-4ABB-9EA0-597AA2950B1B}"
	ProjectSection(SolutionItems) = preProject
		.editorconfig = .editorconfig
		build\dependencies.props = build\dependencies.props
		Directory.Build.props = Directory.Build.props
		Directory.Packages.props = Directory.Packages.props
		global.json = global.json
		README.md = README.md
		spec\specification = spec\specification
	EndProjectSection
EndProject
Project("{2150E333-8FDC-42A3-9474-1A3956D46DE8}") = "src", "src", "{827B08F2-8C23-4A3E-8BB1-052E6B22DFE4}"
EndProject
Project("{2150E333-8FDC-42A3-9474-1A3956D46DE8}") = "test", "test", "{1339FD06-227A-4EFF-9938-E8A77C7B860A}"
EndProject
Project("{9A19103F-16F7-4668-BE54-9A1E7A4F7556}") = "Condottiere.Web", "src\Condottiere.Web\Condottiere.Web.csproj", "{A7238B75-B5D9-4179-A9E2-478E70865B45}"
EndProject
Global
	GlobalSection(SolutionConfigurationPlatforms) = preSolution
		Debug|Any CPU = Debug|Any CPU
		Release|Any CPU = Release|Any CPU
	EndGlobalSection
	GlobalSection(ProjectConfigurationPlatforms) = postSolution
		{CE463F5E-72B4-4B99-92DC-656570D2B8FB}.Debug|Any CPU.ActiveCfg = Debug|Any CPU
		{CE463F5E-72B4-4B99-92DC-656570D2B8FB}.Debug|Any CPU.Build.0 = Debug|Any CPU
		{CE463F5E-72B4-4B99-92DC-656570D2B8FB}.Release|Any CPU.ActiveCfg = Release|Any CPU
		{CE463F5E-72B4-4B99-92DC-656570D2B8FB}.Release|Any CPU.Build.0 = Release|Any CPU
		{018987CA-F1B9-4E60-BDFD-238A953B9932}.Debug|Any CPU.ActiveCfg = Debug|Any CPU
		{018987CA-F1B9-4E60-BDFD-238A953B9932}.Debug|Any CPU.Build.0 = Debug|Any CPU
		{018987CA-F1B9-4E60-BDFD-238A953B9932}.Release|Any CPU.ActiveCfg = Release|Any CPU
		{018987CA-F1B9-4E60-BDFD-238A953B9932}.Release|Any CPU.Build.0 = Release|Any CPU
		{A7238B75-B5D9-4179-A9E2-478E70865B45}.Debug|Any CPU.ActiveCfg = Debug|Any CPU
		{A7238B75-B5D9-4179-A9E2-478E70865B45}.Debug|Any CPU.Build.0 = Debug|Any CPU
		{A7238B75-B5D9-4179-A9E2-478E70865B45}.Release|Any CPU.ActiveCfg = Release|Any CPU
		{A7238B75-B5D9-4179-A9E2-478E70865B45}.Release|Any CPU.Build.0 = Release|Any CPU
	EndGlobalSection
	GlobalSection(SolutionProperties) = preSolution
		HideSolutionNode = FALSE
	EndGlobalSection
	GlobalSection(NestedProjects) = preSolution
		{CE463F5E-72B4-4B99-92DC-656570D2B8FB} = {827B08F2-8C23-4A3E-8BB1-052E6B22DFE4}
		{018987CA-F1B9-4E60-BDFD-238A953B9932} = {1339FD06-227A-4EFF-9938-E8A77C7B860A}
		{A7238B75-B5D9-4179-A9E2-478E70865B45} = {827B08F2-8C23-4A3E-8BB1-052E6B22DFE4}
	EndGlobalSection
	GlobalSection(ExtensibilityGlobals) = postSolution
		SolutionGuid = {72860B43-24A9-47DA-9376-9B524C1DC16B}
	EndGlobalSection
EndGlobal
